
Microsoft Visual Studio Solution File, Format Version 12.00
# Visual Studio Version 16
VisualStudioVersion = 16.0.31702.278
MinimumVisualStudioVersion = 10.0.40219.1
Project("{FAE04EC0-301F-11D3-BF4B-00C04F79EFBC}") = "SimpleDotnetMvc", "SimpleDotnetMvc.csproj", "{454CD95A-5396-4C50-85E6-35AF74AC04C7}"
EndProject
Global
	GlobalSection(SolutionConfigurationPlatforms) = preSolution
		Debug|Any CPU = Debug|Any CPU
		Release|Any CPU = Release|Any CPU
	EndGlobalSection
	GlobalSection(ProjectConfigurationPlatforms) = postSolution
		{454CD95A-5396-4C50-85E6-35AF74AC04C7}.Debug|Any CPU.ActiveCfg = Debug|Any CPU
		{454CD95A-5396-4C50-85E6-35AF74AC04C7}.Debug|Any CPU.Build.0 = Debug|Any CPU
		{454CD95A-5396-4C50-85E6-35AF74AC04C7}.Release|Any CPU.ActiveCfg = Release|Any CPU
		{454CD95A-5396-4C50-85E6-35AF74AC04C7}.Release|Any CPU.Build.0 = Release|Any CPU
	EndGlobalSection
	GlobalSection(SolutionProperties) = preSolution
		HideSolutionNode = FALSE
	EndGlobalSection
	GlobalSection(ExtensibilityGlobals) = postSolution
		SolutionGuid = {15309A8B-29C9-414F-8969-4F9184EF5B65}
	EndGlobalSection
EndGlobal
